// !$*UTF8*$!
{
	archiveVersion = 1;
	classes = {
	};
	objectVersion = 56;
	objects = {

/* Begin PBXBuildFile section */
		D609D52F2A1C8D39005A3ADB /* AppDelegate.swift in Sources */ = {isa = PBXBuildFile; fileRef = D609D52E2A1C8D39005A3ADB /* AppDelegate.swift */; };
		D609D5312A1C8D39005A3ADB /* SceneDelegate.swift in Sources */ = {isa = PBXBuildFile; fileRef = D609D5302A1C8D39005A3ADB /* SceneDelegate.swift */; };
		D609D5332A1C8D39005A3ADB /* MainViewController.swift in Sources */ = {isa = PBXBuildFile; fileRef = D609D5322A1C8D39005A3ADB /* MainViewController.swift */; };
		D609D5382A1C8D3A005A3ADB /* Assets.xcassets in Resources */ = {isa = PBXBuildFile; fileRef = D609D5372A1C8D3A005A3ADB /* Assets.xcassets */; };
		D609D53B2A1C8D3A005A3ADB /* LaunchScreen.storyboard in Resources */ = {isa = PBXBuildFile; fileRef = D609D5392A1C8D3A005A3ADB /* LaunchScreen.storyboard */; };
		D609D5442A1C9203005A3ADB /* SnapKit in Frameworks */ = {isa = PBXBuildFile; productRef = D609D5432A1C9203005A3ADB /* SnapKit */; };
		D609D5462A1C944F005A3ADB /* MainView.swift in Sources */ = {isa = PBXBuildFile; fileRef = D609D5452A1C944F005A3ADB /* MainView.swift */; };
		D609D54D2A1C9C65005A3ADB /* SugarContainer.swift in Sources */ = {isa = PBXBuildFile; fileRef = D609D54C2A1C9C65005A3ADB /* SugarContainer.swift */; };
		D609D54F2A1C9EF7005A3ADB /* SugarTrackerViewModel.swift in Sources */ = {isa = PBXBuildFile; fileRef = D609D54E2A1C9EF7005A3ADB /* SugarTrackerViewModel.swift */; };
		D609D5522A1C9FB2005A3ADB /* DataEditorViewController.swift in Sources */ = {isa = PBXBuildFile; fileRef = D609D5512A1C9FB2005A3ADB /* DataEditorViewController.swift */; };
		D609D5542A1CA159005A3ADB /* AddSugarViewController.swift in Sources */ = {isa = PBXBuildFile; fileRef = D609D5532A1CA159005A3ADB /* AddSugarViewController.swift */; };
		D609D5562A1CB0D6005A3ADB /* SplashViewController.swift in Sources */ = {isa = PBXBuildFile; fileRef = D609D5552A1CB0D6005A3ADB /* SplashViewController.swift */; };
		D609D55A2A1CB443005A3ADB /* SplashViewModel.swift in Sources */ = {isa = PBXBuildFile; fileRef = D609D5592A1CB443005A3ADB /* SplashViewModel.swift */; };
		D609D55D2A1CC07E005A3ADB /* DataEditorView.swift in Sources */ = {isa = PBXBuildFile; fileRef = D609D55C2A1CC07E005A3ADB /* DataEditorView.swift */; };
		D609D55F2A1CC83D005A3ADB /* OnBoardingViewController.swift in Sources */ = {isa = PBXBuildFile; fileRef = D609D55E2A1CC83D005A3ADB /* OnBoardingViewController.swift */; };
		D609D5612A1CC856005A3ADB /* OnBoardingView.swift in Sources */ = {isa = PBXBuildFile; fileRef = D609D5602A1CC856005A3ADB /* OnBoardingView.swift */; };
/* End PBXBuildFile section */

/* Begin PBXFileReference section */
		D609D52B2A1C8D39005A3ADB /* SugarCare.app */ = {isa = PBXFileReference; explicitFileType = wrapper.application; includeInIndex = 0; path = SugarCare.app; sourceTree = BUILT_PRODUCTS_DIR; };
		D609D52E2A1C8D39005A3ADB /* AppDelegate.swift */ = {isa = PBXFileReference; lastKnownFileType = sourcecode.swift; path = AppDelegate.swift; sourceTree = "<group>"; };
		D609D5302A1C8D39005A3ADB /* SceneDelegate.swift */ = {isa = PBXFileReference; lastKnownFileType = sourcecode.swift; path = SceneDelegate.swift; sourceTree = "<group>"; };
		D609D5322A1C8D39005A3ADB /* MainViewController.swift */ = {isa = PBXFileReference; lastKnownFileType = sourcecode.swift; path = MainViewController.swift; sourceTree = "<group>"; };
		D609D5372A1C8D3A005A3ADB /* Assets.xcassets */ = {isa = PBXFileReference; lastKnownFileType = folder.assetcatalog; path = Assets.xcassets; sourceTree = "<group>"; };
		D609D53A2A1C8D3A005A3ADB /* Base */ = {isa = PBXFileReference; lastKnownFileType = file.storyboard; name = Base; path = Base.lproj/LaunchScreen.storyboard; sourceTree = "<group>"; };
		D609D53C2A1C8D3A005A3ADB /* Info.plist */ = {isa = PBXFileReference; lastKnownFileType = text.plist.xml; path = Info.plist; sourceTree = "<group>"; };
		D609D5452A1C944F005A3ADB /* MainView.swift */ = {isa = PBXFileReference; lastKnownFileType = sourcecode.swift; path = MainView.swift; sourceTree = "<group>"; };
		D609D54C2A1C9C65005A3ADB /* SugarContainer.swift */ = {isa = PBXFileReference; lastKnownFileType = sourcecode.swift; path = SugarContainer.swift; sourceTree = "<group>"; };
		D609D54E2A1C9EF7005A3ADB /* SugarTrackerViewModel.swift */ = {isa = PBXFileReference; lastKnownFileType = sourcecode.swift; path = SugarTrackerViewModel.swift; sourceTree = "<group>"; };
		D609D5512A1C9FB2005A3ADB /* DataEditorViewController.swift */ = {isa = PBXFileReference; lastKnownFileType = sourcecode.swift; name = DataEditorViewController.swift; path = SugarCare/ViewModel/DataEditorViewController.swift; sourceTree = SOURCE_ROOT; };
		D609D5532A1CA159005A3ADB /* AddSugarViewController.swift */ = {isa = PBXFileReference; lastKnownFileType = sourcecode.swift; name = AddSugarViewController.swift; path = SugarCare/ViewModel/AddSugarViewController.swift; sourceTree = SOURCE_ROOT; };
		D609D5552A1CB0D6005A3ADB /* SplashViewController.swift */ = {isa = PBXFileReference; lastKnownFileType = sourcecode.swift; name = SplashViewController.swift; path = SugarCare/ViewModel/SplashViewController.swift; sourceTree = SOURCE_ROOT; };
		D609D5592A1CB443005A3ADB /* SplashViewModel.swift */ = {isa = PBXFileReference; lastKnownFileType = sourcecode.swift; path = SplashViewModel.swift; sourceTree = "<group>"; };
		D609D55B2A1CB8B1005A3ADB /* SugarCare.entitlements */ = {isa = PBXFileReference; lastKnownFileType = text.plist.entitlements; path = SugarCare.entitlements; sourceTree = "<group>"; };
		D609D55C2A1CC07E005A3ADB /* DataEditorView.swift */ = {isa = PBXFileReference; lastKnownFileType = sourcecode.swift; name = DataEditorView.swift; path = SugarCare/ViewModel/DataEditorView.swift; sourceTree = SOURCE_ROOT; };
		D609D55E2A1CC83D005A3ADB /* OnBoardingViewController.swift */ = {isa = PBXFileReference; lastKnownFileType = sourcecode.swift; name = OnBoardingViewController.swift; path = SugarCare/ViewModel/OnBoardingViewController.swift; sourceTree = SOURCE_ROOT; };
		D609D5602A1CC856005A3ADB /* OnBoardingView.swift */ = {isa = PBXFileReference; lastKnownFileType = sourcecode.swift; name = OnBoardingView.swift; path = SugarCare/ViewModel/OnBoardingView.swift; sourceTree = SOURCE_ROOT; };
/* End PBXFileReference section */

/* Begin PBXFrameworksBuildPhase section */
		D609D5282A1C8D39005A3ADB /* Frameworks */ = {
			isa = PBXFrameworksBuildPhase;
			buildActionMask = 2147483647;
			files = (
				D609D5442A1C9203005A3ADB /* SnapKit in Frameworks */,
			);
			runOnlyForDeploymentPostprocessing = 0;
		};
/* End PBXFrameworksBuildPhase section */

/* Begin PBXGroup section */
		D609D5222A1C8D39005A3ADB = {
			isa = PBXGroup;
			children = (
				D609D52D2A1C8D39005A3ADB /* SugarCare */,
				D609D52C2A1C8D39005A3ADB /* Products */,
			);
			sourceTree = "<group>";
		};
		D609D52C2A1C8D39005A3ADB /* Products */ = {
			isa = PBXGroup;
			children = (
				D609D52B2A1C8D39005A3ADB /* SugarCare.app */,
			);
			name = Products;
			sourceTree = "<group>";
		};
		D609D52D2A1C8D39005A3ADB /* SugarCare */ = {
			isa = PBXGroup;
			children = (
				D609D55B2A1CB8B1005A3ADB /* SugarCare.entitlements */,
				D609D5502A1C9F6E005A3ADB /* View */,
				D609D5482A1C9BE2005A3ADB /* ViewModel */,
				D609D5472A1C9BC6005A3ADB /* Model */,
				D609D54B2A1C9C2A005A3ADB /* Applications */,
				D609D5372A1C8D3A005A3ADB /* Assets.xcassets */,
				D609D5392A1C8D3A005A3ADB /* LaunchScreen.storyboard */,
				D609D53C2A1C8D3A005A3ADB /* Info.plist */,
			);
			path = SugarCare;
			sourceTree = "<group>";
		};
		D609D5472A1C9BC6005A3ADB /* Model */ = {
			isa = PBXGroup;
			children = (
			);
			path = Model;
			sourceTree = "<group>";
		};
		D609D5482A1C9BE2005A3ADB /* ViewModel */ = {
			isa = PBXGroup;
			children = (
				D609D54E2A1C9EF7005A3ADB /* SugarTrackerViewModel.swift */,
				D609D5592A1CB443005A3ADB /* SplashViewModel.swift */,
			);
			path = ViewModel;
			sourceTree = "<group>";
		};
		D609D5492A1C9BEB005A3ADB /* Pages */ = {
			isa = PBXGroup;
			children = (
				D609D5552A1CB0D6005A3ADB /* SplashViewController.swift */,
				D609D55E2A1CC83D005A3ADB /* OnBoardingViewController.swift */,
				D609D5322A1C8D39005A3ADB /* MainViewController.swift */,
				D609D5512A1C9FB2005A3ADB /* DataEditorViewController.swift */,
				D609D5532A1CA159005A3ADB /* AddSugarViewController.swift */,
			);
			path = Pages;
			sourceTree = "<group>";
		};
		D609D54A2A1C9C16005A3ADB /* Components */ = {
			isa = PBXGroup;
			children = (
				D609D5602A1CC856005A3ADB /* OnBoardingView.swift */,
				D609D5452A1C944F005A3ADB /* MainView.swift */,
				D609D54C2A1C9C65005A3ADB /* SugarContainer.swift */,
				D609D55C2A1CC07E005A3ADB /* DataEditorView.swift */,
			);
			path = Components;
			sourceTree = "<group>";
		};
		D609D54B2A1C9C2A005A3ADB /* Applications */ = {
			isa = PBXGroup;
			children = (
				D609D52E2A1C8D39005A3ADB /* AppDelegate.swift */,
				D609D5302A1C8D39005A3ADB /* SceneDelegate.swift */,
			);
			path = Applications;
			sourceTree = "<group>";
		};
		D609D5502A1C9F6E005A3ADB /* View */ = {
			isa = PBXGroup;
			children = (
				D609D54A2A1C9C16005A3ADB /* Components */,
				D609D5492A1C9BEB005A3ADB /* Pages */,
			);
			path = View;
			sourceTree = "<group>";
		};
/* End PBXGroup section */

/* Begin PBXNativeTarget section */
		D609D52A2A1C8D39005A3ADB /* SugarCare */ = {
			isa = PBXNativeTarget;
			buildConfigurationList = D609D53F2A1C8D3A005A3ADB /* Build configuration list for PBXNativeTarget "SugarCare" */;
			buildPhases = (
				D609D5272A1C8D39005A3ADB /* Sources */,
				D609D5282A1C8D39005A3ADB /* Frameworks */,
				D609D5292A1C8D39005A3ADB /* Resources */,
			);
			buildRules = (
			);
			dependencies = (
			);
			name = SugarCare;
			packageProductDependencies = (
				D609D5432A1C9203005A3ADB /* SnapKit */,
			);
			productName = SugarCare;
			productReference = D609D52B2A1C8D39005A3ADB /* SugarCare.app */;
			productType = "com.apple.product-type.application";
		};
/* End PBXNativeTarget section */

/* Begin PBXProject section */
		D609D5232A1C8D39005A3ADB /* Project object */ = {
			isa = PBXProject;
			attributes = {
				BuildIndependentTargetsInParallel = 1;
				LastSwiftUpdateCheck = 1430;
				LastUpgradeCheck = 1430;
				TargetAttributes = {
					D609D52A2A1C8D39005A3ADB = {
						CreatedOnToolsVersion = 14.3;
					};
				};
			};
			buildConfigurationList = D609D5262A1C8D39005A3ADB /* Build configuration list for PBXProject "SugarCare" */;
			compatibilityVersion = "Xcode 14.0";
			developmentRegion = en;
			hasScannedForEncodings = 0;
			knownRegions = (
				en,
				Base,
			);
			mainGroup = D609D5222A1C8D39005A3ADB;
			packageReferences = (
				D609D5422A1C9203005A3ADB /* XCRemoteSwiftPackageReference "SnapKit" */,
			);
			productRefGroup = D609D52C2A1C8D39005A3ADB /* Products */;
			projectDirPath = "";
			projectRoot = "";
			targets = (
				D609D52A2A1C8D39005A3ADB /* SugarCare */,
			);
		};
/* End PBXProject section */

/* Begin PBXResourcesBuildPhase section */
		D609D5292A1C8D39005A3ADB /* Resources */ = {
			isa = PBXResourcesBuildPhase;
			buildActionMask = 2147483647;
			files = (
				D609D53B2A1C8D3A005A3ADB /* LaunchScreen.storyboard in Resources */,
				D609D5382A1C8D3A005A3ADB /* Assets.xcassets in Resources */,
			);
			runOnlyForDeploymentPostprocessing = 0;
		};
/* End PBXResourcesBuildPhase section */

/* Begin PBXSourcesBuildPhase section */
		D609D5272A1C8D39005A3ADB /* Sources */ = {
			isa = PBXSourcesBuildPhase;
			buildActionMask = 2147483647;
			files = (
				D609D5332A1C8D39005A3ADB /* MainViewController.swift in Sources */,
				D609D5542A1CA159005A3ADB /* AddSugarViewController.swift in Sources */,
				D609D5462A1C944F005A3ADB /* MainView.swift in Sources */,
				D609D55F2A1CC83D005A3ADB /* OnBoardingViewController.swift in Sources */,
				D609D55D2A1CC07E005A3ADB /* DataEditorView.swift in Sources */,
				D609D5562A1CB0D6005A3ADB /* SplashViewController.swift in Sources */,
				D609D54D2A1C9C65005A3ADB /* SugarContainer.swift in Sources */,
				D609D55A2A1CB443005A3ADB /* SplashViewModel.swift in Sources */,
				D609D5522A1C9FB2005A3ADB /* DataEditorViewController.swift in Sources */,
				D609D52F2A1C8D39005A3ADB /* AppDelegate.swift in Sources */,
				D609D54F2A1C9EF7005A3ADB /* SugarTrackerViewModel.swift in Sources */,
				D609D5312A1C8D39005A3ADB /* SceneDelegate.swift in Sources */,
				D609D5612A1CC856005A3ADB /* OnBoardingView.swift in Sources */,
			);
			runOnlyForDeploymentPostprocessing = 0;
		};
/* End PBXSourcesBuildPhase section */

/* Begin PBXVariantGroup section */
		D609D5392A1C8D3A005A3ADB /* LaunchScreen.storyboard */ = {
			isa = PBXVariantGroup;
			children = (
				D609D53A2A1C8D3A005A3ADB /* Base */,
			);
			name = LaunchScreen.storyboard;
			sourceTree = "<group>";
		};
/* End PBXVariantGroup section */

/* Begin XCBuildConfiguration section */
		D609D53D2A1C8D3A005A3ADB /* Debug */ = {
			isa = XCBuildConfiguration;
			buildSettings = {
				ALWAYS_SEARCH_USER_PATHS = NO;
				CLANG_ANALYZER_NONNULL = YES;
				CLANG_ANALYZER_NUMBER_OBJECT_CONVERSION = YES_AGGRESSIVE;
				CLANG_CXX_LANGUAGE_STANDARD = "gnu++20";
				CLANG_ENABLE_MODULES = YES;
				CLANG_ENABLE_OBJC_ARC = YES;
				CLANG_ENABLE_OBJC_WEAK = YES;
				CLANG_WARN_BLOCK_CAPTURE_AUTORELEASING = YES;
				CLANG_WARN_BOOL_CONVERSION = YES;
				CLANG_WARN_COMMA = YES;
				CLANG_WARN_CONSTANT_CONVERSION = YES;
				CLANG_WARN_DEPRECATED_OBJC_IMPLEMENTATIONS = YES;
				CLANG_WARN_DIRECT_OBJC_ISA_USAGE = YES_ERROR;
				CLANG_WARN_DOCUMENTATION_COMMENTS = YES;
				CLANG_WARN_EMPTY_BODY = YES;
				CLANG_WARN_ENUM_CONVERSION = YES;
				CLANG_WARN_INFINITE_RECURSION = YES;
				CLANG_WARN_INT_CONVERSION = YES;
				CLANG_WARN_NON_LITERAL_NULL_CONVERSION = YES;
				CLANG_WARN_OBJC_IMPLICIT_RETAIN_SELF = YES;
				CLANG_WARN_OBJC_LITERAL_CONVERSION = YES;
				CLANG_WARN_OBJC_ROOT_CLASS = YES_ERROR;
				CLANG_WARN_QUOTED_INCLUDE_IN_FRAMEWORK_HEADER = YES;
				CLANG_WARN_RANGE_LOOP_ANALYSIS = YES;
				CLANG_WARN_STRICT_PROTOTYPES = YES;
				CLANG_WARN_SUSPICIOUS_MOVE = YES;
				CLANG_WARN_UNGUARDED_AVAILABILITY = YES_AGGRESSIVE;
				CLANG_WARN_UNREACHABLE_CODE = YES;
				CLANG_WARN__DUPLICATE_METHOD_MATCH = YES;
				COPY_PHASE_STRIP = NO;
				DEBUG_INFORMATION_FORMAT = dwarf;
				ENABLE_STRICT_OBJC_MSGSEND = YES;
				ENABLE_TESTABILITY = YES;
				GCC_C_LANGUAGE_STANDARD = gnu11;
				GCC_DYNAMIC_NO_PIC = NO;
				GCC_NO_COMMON_BLOCKS = YES;
				GCC_OPTIMIZATION_LEVEL = 0;
				GCC_PREPROCESSOR_DEFINITIONS = (
					"DEBUG=1",
					"$(inherited)",
				);
				GCC_WARN_64_TO_32_BIT_CONVERSION = YES;
				GCC_WARN_ABOUT_RETURN_TYPE = YES_ERROR;
				GCC_WARN_UNDECLARED_SELECTOR = YES;
				GCC_WARN_UNINITIALIZED_AUTOS = YES_AGGRESSIVE;
				GCC_WARN_UNUSED_FUNCTION = YES;
				GCC_WARN_UNUSED_VARIABLE = YES;
				IPHONEOS_DEPLOYMENT_TARGET = 16.4;
				MTL_ENABLE_DEBUG_INFO = INCLUDE_SOURCE;
				MTL_FAST_MATH = YES;
				ONLY_ACTIVE_ARCH = YES;
				SDKROOT = iphoneos;
				SWIFT_ACTIVE_COMPILATION_CONDITIONS = DEBUG;
				SWIFT_OPTIMIZATION_LEVEL = "-Onone";
			};
			name = Debug;
		};
		D609D53E2A1C8D3A005A3ADB /* Release */ = {
			isa = XCBuildConfiguration;
			buildSettings = {
				ALWAYS_SEARCH_USER_PATHS = NO;
				CLANG_ANALYZER_NONNULL = YES;
				CLANG_ANALYZER_NUMBER_OBJECT_CONVERSION = YES_AGGRESSIVE;
				CLANG_CXX_LANGUAGE_STANDARD = "gnu++20";
				CLANG_ENABLE_MODULES = YES;
				CLANG_ENABLE_OBJC_ARC = YES;
				CLANG_ENABLE_OBJC_WEAK = YES;
				CLANG_WARN_BLOCK_CAPTURE_AUTORELEASING = YES;
				CLANG_WARN_BOOL_CONVERSION = YES;
				CLANG_WARN_COMMA = YES;
				CLANG_WARN_CONSTANT_CONVERSION = YES;
				CLANG_WARN_DEPRECATED_OBJC_IMPLEMENTATIONS = YES;
				CLANG_WARN_DIRECT_OBJC_ISA_USAGE = YES_ERROR;
				CLANG_WARN_DOCUMENTATION_COMMENTS = YES;
				CLANG_WARN_EMPTY_BODY = YES;
				CLANG_WARN_ENUM_CONVERSION = YES;
				CLANG_WARN_INFINITE_RECURSION = YES;
				CLANG_WARN_INT_CONVERSION = YES;
				CLANG_WARN_NON_LITERAL_NULL_CONVERSION = YES;
				CLANG_WARN_OBJC_IMPLICIT_RETAIN_SELF = YES;
				CLANG_WARN_OBJC_LITERAL_CONVERSION = YES;
				CLANG_WARN_OBJC_ROOT_CLASS = YES_ERROR;
				CLANG_WARN_QUOTED_INCLUDE_IN_FRAMEWORK_HEADER = YES;
				CLANG_WARN_RANGE_LOOP_ANALYSIS = YES;
				CLANG_WARN_STRICT_PROTOTYPES = YES;
				CLANG_WARN_SUSPICIOUS_MOVE = YES;
				CLANG_WARN_UNGUARDED_AVAILABILITY = YES_AGGRESSIVE;
				CLANG_WARN_UNREACHABLE_CODE = YES;
				CLANG_WARN__DUPLICATE_METHOD_MATCH = YES;
				COPY_PHASE_STRIP = NO;
				DEBUG_INFORMATION_FORMAT = "dwarf-with-dsym";
				ENABLE_NS_ASSERTIONS = NO;
				ENABLE_STRICT_OBJC_MSGSEND = YES;
				GCC_C_LANGUAGE_STANDARD = gnu11;
				GCC_NO_COMMON_BLOCKS = YES;
				GCC_WARN_64_TO_32_BIT_CONVERSION = YES;
				GCC_WARN_ABOUT_RETURN_TYPE = YES_ERROR;
				GCC_WARN_UNDECLARED_SELECTOR = YES;
				GCC_WARN_UNINITIALIZED_AUTOS = YES_AGGRESSIVE;
				GCC_WARN_UNUSED_FUNCTION = YES;
				GCC_WARN_UNUSED_VARIABLE = YES;
				IPHONEOS_DEPLOYMENT_TARGET = 16.4;
				MTL_ENABLE_DEBUG_INFO = NO;
				MTL_FAST_MATH = YES;
				SDKROOT = iphoneos;
				SWIFT_COMPILATION_MODE = wholemodule;
				SWIFT_OPTIMIZATION_LEVEL = "-O";
				VALIDATE_PRODUCT = YES;
			};
			name = Release;
		};
		D609D5402A1C8D3A005A3ADB /* Debug */ = {
			isa = XCBuildConfiguration;
			buildSettings = {
				ASSETCATALOG_COMPILER_APPICON_NAME = AppIcon;
				ASSETCATALOG_COMPILER_GLOBAL_ACCENT_COLOR_NAME = AccentColor;
				CODE_SIGN_ENTITLEMENTS = SugarCare/SugarCare.entitlements;
				CODE_SIGN_STYLE = Automatic;
				CURRENT_PROJECT_VERSION = 1;
				DEVELOPMENT_TEAM = T872JMS8WL;
				GENERATE_INFOPLIST_FILE = YES;
				INFOPLIST_FILE = SugarCare/Info.plist;
				INFOPLIST_KEY_UIApplicationSupportsIndirectInputEvents = YES;
				INFOPLIST_KEY_UILaunchStoryboardName = LaunchScreen;
				INFOPLIST_KEY_UISupportedInterfaceOrientations_iPad = "UIInterfaceOrientationPortrait UIInterfaceOrientationPortraitUpsideDown UIInterfaceOrientationLandscapeLeft UIInterfaceOrientationLandscapeRight";
				INFOPLIST_KEY_UISupportedInterfaceOrientations_iPhone = "UIInterfaceOrientationPortrait UIInterfaceOrientationLandscapeLeft UIInterfaceOrientationLandscapeRight";
				LD_RUNPATH_SEARCH_PATHS = (
					"$(inherited)",
					"@executable_path/Frameworks",
				);
				MARKETING_VERSION = 1.0;
				PRODUCT_BUNDLE_IDENTIFIER = RSS.SugarCare;
				PRODUCT_NAME = "$(TARGET_NAME)";
				SWIFT_EMIT_LOC_STRINGS = YES;
				SWIFT_VERSION = 5.0;
				TARGETED_DEVICE_FAMILY = "1,2";
			};
			name = Debug;
		};
		D609D5412A1C8D3A005A3ADB /* Release */ = {
			isa = XCBuildConfiguration;
			buildSettings = {
				ASSETCATALOG_COMPILER_APPICON_NAME = AppIcon;
				ASSETCATALOG_COMPILER_GLOBAL_ACCENT_COLOR_NAME = AccentColor;
				CODE_SIGN_ENTITLEMENTS = SugarCare/SugarCare.entitlements;
				CODE_SIGN_STYLE = Automatic;
				CURRENT_PROJECT_VERSION = 1;
				DEVELOPMENT_TEAM = T872JMS8WL;
				GENERATE_INFOPLIST_FILE = YES;
				INFOPLIST_FILE = SugarCare/Info.plist;
				INFOPLIST_KEY_UIApplicationSupportsIndirectInputEvents = YES;
				INFOPLIST_KEY_UILaunchStoryboardName = LaunchScreen;
				INFOPLIST_KEY_UISupportedInterfaceOrientations_iPad = "UIInterfaceOrientationPortrait UIInterfaceOrientationPortraitUpsideDown UIInterfaceOrientationLandscapeLeft UIInterfaceOrientationLandscapeRight";
				INFOPLIST_KEY_UISupportedInterfaceOrientations_iPhone = "UIInterfaceOrientationPortrait UIInterfaceOrientationLandscapeLeft UIInterfaceOrientationLandscapeRight";
				LD_RUNPATH_SEARCH_PATHS = (
					"$(inherited)",
					"@executable_path/Frameworks",
				);
				MARKETING_VERSION = 1.0;
				PRODUCT_BUNDLE_IDENTIFIER = RSS.SugarCare;
				PRODUCT_NAME = "$(TARGET_NAME)";
				SWIFT_EMIT_LOC_STRINGS = YES;
				SWIFT_VERSION = 5.0;
				TARGETED_DEVICE_FAMILY = "1,2";
			};
			name = Release;
		};
/* End XCBuildConfiguration section */

/* Begin XCConfigurationList section */
		D609D5262A1C8D39005A3ADB /* Build configuration list for PBXProject "SugarCare" */ = {
			isa = XCConfigurationList;
			buildConfigurations = (
				D609D53D2A1C8D3A005A3ADB /* Debug */,
				D609D53E2A1C8D3A005A3ADB /* Release */,
			);
			defaultConfigurationIsVisible = 0;
			defaultConfigurationName = Release;
		};
		D609D53F2A1C8D3A005A3ADB /* Build configuration list for PBXNativeTarget "SugarCare" */ = {
			isa = XCConfigurationList;
			buildConfigurations = (
				D609D5402A1C8D3A005A3ADB /* Debug */,
				D609D5412A1C8D3A005A3ADB /* Release */,
			);
			defaultConfigurationIsVisible = 0;
			defaultConfigurationName = Release;
		};
/* End XCConfigurationList section */

/* Begin XCRemoteSwiftPackageReference section */
		D609D5422A1C9203005A3ADB /* XCRemoteSwiftPackageReference "SnapKit" */ = {
			isa = XCRemoteSwiftPackageReference;
			repositoryURL = "https://github.com/SnapKit/SnapKit.git";
			requirement = {
				kind = upToNextMajorVersion;
				minimumVersion = 5.0.1;
			};
		};
/* End XCRemoteSwiftPackageReference section */

/* Begin XCSwiftPackageProductDependency section */
		D609D5432A1C9203005A3ADB /* SnapKit */ = {
			isa = XCSwiftPackageProductDependency;
			package = D609D5422A1C9203005A3ADB /* XCRemoteSwiftPackageReference "SnapKit" */;
			productName = SnapKit;
		};
/* End XCSwiftPackageProductDependency section */
	};
	rootObject = D609D5232A1C8D39005A3ADB /* Project object */;
}
